
Microsoft Visual Studio Solution File, Format Version 11.00
# Visual Studio 2010
Project("{FAE04EC0-301F-11D3-BF4B-00C04F79EFBC}") = "WebCard2", "WebCard2\WebCard2.csproj", "{81498629-FC4F-4395-A573-03C680C2E16A}"
EndProject
Global
	GlobalSection(SolutionConfigurationPlatforms) = preSolution
		Debug|x86 = Debug|x86
		Release|x86 = Release|x86
	EndGlobalSection
	GlobalSection(ProjectConfigurationPlatforms) = postSolution
		{81498629-FC4F-4395-A573-03C680C2E16A}.Debug|x86.ActiveCfg = Release|x86
		{81498629-FC4F-4395-A573-03C680C2E16A}.Debug|x86.Build.0 = Release|x86
		{81498629-FC4F-4395-A573-03C680C2E16A}.Release|x86.ActiveCfg = Release|x86
		{81498629-FC4F-4395-A573-03C680C2E16A}.Release|x86.Build.0 = Release|x86
	EndGlobalSection
	GlobalSection(SolutionProperties) = preSolution
		HideSolutionNode = FALSE
	EndGlobalSection
EndGlobal
