
Microsoft Visual Studio Solution File, Format Version 11.00
# Visual Studio 2010
Project("{FAE04EC0-301F-11D3-BF4B-00C04F79EFBC}") = "com.mzry1992.Settings", "com.mzry1992.Settings\com.mzry1992.Settings.csproj", "{8CDF852E-2C20-4055-A6EA-95270B996ABD}"
EndProject
Global
	GlobalSection(SolutionConfigurationPlatforms) = preSolution
		Debug|Any CPU = Debug|Any CPU
		Release|Any CPU = Release|Any CPU
	EndGlobalSection
	GlobalSection(ProjectConfigurationPlatforms) = postSolution
		{8CDF852E-2C20-4055-A6EA-95270B996ABD}.Debug|Any CPU.ActiveCfg = Debug|Any CPU
		{8CDF852E-2C20-4055-A6EA-95270B996ABD}.Debug|Any CPU.Build.0 = Debug|Any CPU
		{8CDF852E-2C20-4055-A6EA-95270B996ABD}.Release|Any CPU.ActiveCfg = Release|Any CPU
		{8CDF852E-2C20-4055-A6EA-95270B996ABD}.Release|Any CPU.Build.0 = Release|Any CPU
	EndGlobalSection
	GlobalSection(SolutionProperties) = preSolution
		HideSolutionNode = FALSE
	EndGlobalSection
EndGlobal
